{
  "originHash" : "68bff05841a75a68a60963c5ccb12c1f1c026a0bb50f1422d0319d2e048d6ec7",
  "pins" : [
    {
      "identity" : "zap-sdk-ios",
      "kind" : "remoteSourceControl",
      "location" : "https://github.com/FyrbyAdditive/ZAP-SDK-iOS",
      "state" : {
        "revision" : "f30ae993ecdd0f44466f864fa60a939b0f1a77b2",
        "version" : "1.0.3"
      }
    }
  ],
  "version" : 3
}
